
Microsoft Visual Studio Solution File, Format Version 12.00
# Visual Studio Version 16
VisualStudioVersion = 25.0.1706.9
MinimumVisualStudioVersion = 10.0.40219.1
Project("{FAE04EC0-301F-11D3-BF4B-00C04F79EFBC}") = "LeetCodeSolutions", "LeetCodeSolutions.csproj", "{C568DD90-1C29-49EB-A750-E40B9A313FAB}"
EndProject
Global
	GlobalSection(SolutionConfigurationPlatforms) = preSolution
		Debug|Any CPU = Debug|Any CPU
		Release|Any CPU = Release|Any CPU
	EndGlobalSection
	GlobalSection(ProjectConfigurationPlatforms) = postSolution
		{C568DD90-1C29-49EB-A750-E40B9A313FAB}.Debug|Any CPU.ActiveCfg = Debug|Any CPU
		{C568DD90-1C29-49EB-A750-E40B9A313FAB}.Debug|Any CPU.Build.0 = Debug|Any CPU
		{C568DD90-1C29-49EB-A750-E40B9A313FAB}.Release|Any CPU.ActiveCfg = Release|Any CPU
		{C568DD90-1C29-49EB-A750-E40B9A313FAB}.Release|Any CPU.Build.0 = Release|Any CPU
	EndGlobalSection
	GlobalSection(SolutionProperties) = preSolution
		HideSolutionNode = FALSE
	EndGlobalSection
	GlobalSection(ExtensibilityGlobals) = postSolution
		SolutionGuid = {B6990C14-2AC4-4243-BC41-B3CE9088DF5B}
	EndGlobalSection
EndGlobal
